
Microsoft Visual Studio Solution File, Format Version 12.00
# Visual Studio Version 16
VisualStudioVersion = 16.0.30204.135
MinimumVisualStudioVersion = 10.0.40219.1
Project("{2150E333-8FDC-42A3-9474-1A3956D46DE8}") = "build", "build", "{BE60BA7C-A9BE-4C8C-867F-79E4850AEB5F}"
	ProjectSection(SolutionItems) = preProject
		azure-devops-ci.yml = azure-devops-ci.yml
		azure-devops-prerelease.yml = azure-devops-prerelease.yml
		azure-devops-release.yml = azure-devops-release.yml
		src\Directory.Build.props = src\Directory.Build.props
		src\Directory.Build.targets = src\Directory.Build.targets
		version-variables.yml = version-variables.yml
	EndProjectSection
EndProject
Project("{FAE04EC0-301F-11D3-BF4B-00C04F79EFBC}") = "Blazor.Bootstrap.Common", "src\Blazor.Bootstrap.Common\Blazor.Bootstrap.Common.csproj", "{0A25C32D-62E7-4663-991D-52A31D9F597C}"
EndProject
Project("{FAE04EC0-301F-11D3-BF4B-00C04F79EFBC}") = "Blazor.Bootstrap.Common.Tests", "src\Blazor.Bootstrap.Common.Tests\Blazor.Bootstrap.Common.Tests.csproj", "{889C758B-21BC-4CAF-9382-AEFE237EC423}"
EndProject
Project("{FAE04EC0-301F-11D3-BF4B-00C04F79EFBC}") = "Blazor.Bootstrap.Layout", "src\Blazor.Bootstrap.Layout\Blazor.Bootstrap.Layout.csproj", "{CBDC03EA-9011-44D7-AE4F-12864EFFE8BE}"
EndProject
Project("{FAE04EC0-301F-11D3-BF4B-00C04F79EFBC}") = "Blazor.Bootstrap.Layout.Tests", "src\Blazor.Bootstrap.Layout.Tests\Blazor.Bootstrap.Layout.Tests.csproj", "{56642D8F-757C-4EF9-93CE-9324F7FC45F7}"
EndProject
Global
	GlobalSection(SolutionConfigurationPlatforms) = preSolution
		Debug|Any CPU = Debug|Any CPU
		Release|Any CPU = Release|Any CPU
	EndGlobalSection
	GlobalSection(ProjectConfigurationPlatforms) = postSolution
		{0A25C32D-62E7-4663-991D-52A31D9F597C}.Debug|Any CPU.ActiveCfg = Debug|Any CPU
		{0A25C32D-62E7-4663-991D-52A31D9F597C}.Debug|Any CPU.Build.0 = Debug|Any CPU
		{0A25C32D-62E7-4663-991D-52A31D9F597C}.Release|Any CPU.ActiveCfg = Release|Any CPU
		{0A25C32D-62E7-4663-991D-52A31D9F597C}.Release|Any CPU.Build.0 = Release|Any CPU
		{889C758B-21BC-4CAF-9382-AEFE237EC423}.Debug|Any CPU.ActiveCfg = Debug|Any CPU
		{889C758B-21BC-4CAF-9382-AEFE237EC423}.Debug|Any CPU.Build.0 = Debug|Any CPU
		{889C758B-21BC-4CAF-9382-AEFE237EC423}.Release|Any CPU.ActiveCfg = Release|Any CPU
		{889C758B-21BC-4CAF-9382-AEFE237EC423}.Release|Any CPU.Build.0 = Release|Any CPU
		{CBDC03EA-9011-44D7-AE4F-12864EFFE8BE}.Debug|Any CPU.ActiveCfg = Debug|Any CPU
		{CBDC03EA-9011-44D7-AE4F-12864EFFE8BE}.Debug|Any CPU.Build.0 = Debug|Any CPU
		{CBDC03EA-9011-44D7-AE4F-12864EFFE8BE}.Release|Any CPU.ActiveCfg = Release|Any CPU
		{CBDC03EA-9011-44D7-AE4F-12864EFFE8BE}.Release|Any CPU.Build.0 = Release|Any CPU
		{56642D8F-757C-4EF9-93CE-9324F7FC45F7}.Debug|Any CPU.ActiveCfg = Debug|Any CPU
		{56642D8F-757C-4EF9-93CE-9324F7FC45F7}.Debug|Any CPU.Build.0 = Debug|Any CPU
		{56642D8F-757C-4EF9-93CE-9324F7FC45F7}.Release|Any CPU.ActiveCfg = Release|Any CPU
		{56642D8F-757C-4EF9-93CE-9324F7FC45F7}.Release|Any CPU.Build.0 = Release|Any CPU
	EndGlobalSection
	GlobalSection(SolutionProperties) = preSolution
		HideSolutionNode = FALSE
	EndGlobalSection
	GlobalSection(ExtensibilityGlobals) = postSolution
		SolutionGuid = {3913E469-251E-44CF-87DC-4E375F03813F}
	EndGlobalSection
EndGlobal
