
Microsoft Visual Studio Solution File, Format Version 12.00
# Visual Studio Version 16
VisualStudioVersion = 16.0.30204.135
MinimumVisualStudioVersion = 10.0.40219.1
Project("{2150E333-8FDC-42A3-9474-1A3956D46DE8}") = "build", "build", "{BE60BA7C-A9BE-4C8C-867F-79E4850AEB5F}"
	ProjectSection(SolutionItems) = preProject
		azure-devops-ci.yml = azure-devops-ci.yml
		azure-devops-prerelease.yml = azure-devops-prerelease.yml
		azure-devops-release.yml = azure-devops-release.yml
		src\Directory.Build.props = src\Directory.Build.props
		src\Directory.Build.targets = src\Directory.Build.targets
		version-variables.yml = version-variables.yml
	EndProjectSection
EndProject
Project("{9A19103F-16F7-4668-BE54-9A1E7A4F7556}") = "Blazor.Bootstrap.Common", "src\Blazor.Bootstrap.Common\Blazor.Bootstrap.Common.csproj", "{0A25C32D-62E7-4663-991D-52A31D9F597C}"
EndProject
Project("{9A19103F-16F7-4668-BE54-9A1E7A4F7556}") = "Blazor.Bootstrap.Common.Tests", "src\Blazor.Bootstrap.Common.Tests\Blazor.Bootstrap.Common.Tests.csproj", "{889C758B-21BC-4CAF-9382-AEFE237EC423}"
EndProject
Project("{9A19103F-16F7-4668-BE54-9A1E7A4F7556}") = "Blazor.Bootstrap.Layout", "src\Blazor.Bootstrap.Layout\Blazor.Bootstrap.Layout.csproj", "{CBDC03EA-9011-44D7-AE4F-12864EFFE8BE}"
EndProject
Project("{9A19103F-16F7-4668-BE54-9A1E7A4F7556}") = "Blazor.Bootstrap.Layout.Tests", "src\Blazor.Bootstrap.Layout.Tests\Blazor.Bootstrap.Layout.Tests.csproj", "{56642D8F-757C-4EF9-93CE-9324F7FC45F7}"
EndProject
Project("{9A19103F-16F7-4668-BE54-9A1E7A4F7556}") = "Blazor.Bootstrap.Content", "src\Blazor.Bootstrap.Content\Blazor.Bootstrap.Content.csproj", "{9AF5A2CA-8513-44B9-8E14-89B68D2FB18E}"
EndProject
Project("{9A19103F-16F7-4668-BE54-9A1E7A4F7556}") = "Blazor.Bootstrap.Content.Tests", "src\Blazor.Bootstrap.Content.Tests\Blazor.Bootstrap.Content.Tests.csproj", "{9CA2C5E8-720B-4292-ABDC-2ED73A56347C}"
EndProject
Project("{2150E333-8FDC-42A3-9474-1A3956D46DE8}") = "Components", "Components", "{5C2E1A8A-607A-47B9-9019-D7930563EDE0}"
EndProject
Project("{9A19103F-16F7-4668-BE54-9A1E7A4F7556}") = "Blazor.Bootstrap.Components.Alerts", "src\Blazor.Bootstrap.Components.Alerts\Blazor.Bootstrap.Components.Alerts.csproj", "{D4201284-71D9-41A1-A470-068C2B3AA56E}"
EndProject
Project("{9A19103F-16F7-4668-BE54-9A1E7A4F7556}") = "Blazor.Bootstrap.Components.Core", "src\Blazor.Bootstrap.Components.Core\Blazor.Bootstrap.Components.Core.csproj", "{A83D95EF-29CD-4612-8940-A5DD8C74FF8B}"
EndProject
Project("{9A19103F-16F7-4668-BE54-9A1E7A4F7556}") = "Blazor.Bootstrap.Components.Core.Tests", "src\Blazor.Bootstrap.Components.Core.Tests\Blazor.Bootstrap.Components.Core.Tests.csproj", "{9D62D1D6-07D0-450F-9033-F6C8C8D0BE32}"
EndProject
Project("{9A19103F-16F7-4668-BE54-9A1E7A4F7556}") = "Blazor.Bootstrap.Components.Alerts.Tests", "src\Blazor.Bootstrap.Components.Alerts.Tests\Blazor.Bootstrap.Components.Alerts.Tests.csproj", "{4A548953-0815-4FEF-A898-DF5B0AA56DF2}"
EndProject
Project("{FAE04EC0-301F-11D3-BF4B-00C04F79EFBC}") = "Blazor.Bootstrap.Components.Badges", "src\Blazor.Bootstrap.Components.Badges\Blazor.Bootstrap.Components.Badges.csproj", "{73C4BE63-C7E3-4C48-BD4F-80DF8FD85135}"
EndProject
Project("{FAE04EC0-301F-11D3-BF4B-00C04F79EFBC}") = "Blazor.Bootstrap.Components.Badges.Tests", "src\Blazor.Bootstrap.Components.Badges.Tests\Blazor.Bootstrap.Components.Badges.Tests.csproj", "{AE1DF083-CF84-4EF3-B1A5-5969EF4E4744}"
EndProject
Project("{FAE04EC0-301F-11D3-BF4B-00C04F79EFBC}") = "Blazor.Bootstrap.Components.Breadcrumbs", "src\Blazor.Bootstrap.Components.Breadcrumbs\Blazor.Bootstrap.Components.Breadcrumbs.csproj", "{054E016B-87F5-4CBE-850C-6A3382E0567A}"
EndProject
Project("{9A19103F-16F7-4668-BE54-9A1E7A4F7556}") = "Blazor.Bootstrap.Components.Breadcrumbs.Tests", "src\Blazor.Bootstrap.Components.Breadcrumbs.Tests\Blazor.Bootstrap.Components.Breadcrumbs.Tests.csproj", "{D09EB423-4520-42DC-B3CF-4504FAC20D2A}"
EndProject
Global
	GlobalSection(SolutionConfigurationPlatforms) = preSolution
		Debug|Any CPU = Debug|Any CPU
		Release|Any CPU = Release|Any CPU
	EndGlobalSection
	GlobalSection(ProjectConfigurationPlatforms) = postSolution
		{0A25C32D-62E7-4663-991D-52A31D9F597C}.Debug|Any CPU.ActiveCfg = Debug|Any CPU
		{0A25C32D-62E7-4663-991D-52A31D9F597C}.Debug|Any CPU.Build.0 = Debug|Any CPU
		{0A25C32D-62E7-4663-991D-52A31D9F597C}.Release|Any CPU.ActiveCfg = Release|Any CPU
		{0A25C32D-62E7-4663-991D-52A31D9F597C}.Release|Any CPU.Build.0 = Release|Any CPU
		{889C758B-21BC-4CAF-9382-AEFE237EC423}.Debug|Any CPU.ActiveCfg = Debug|Any CPU
		{889C758B-21BC-4CAF-9382-AEFE237EC423}.Debug|Any CPU.Build.0 = Debug|Any CPU
		{889C758B-21BC-4CAF-9382-AEFE237EC423}.Release|Any CPU.ActiveCfg = Release|Any CPU
		{889C758B-21BC-4CAF-9382-AEFE237EC423}.Release|Any CPU.Build.0 = Release|Any CPU
		{CBDC03EA-9011-44D7-AE4F-12864EFFE8BE}.Debug|Any CPU.ActiveCfg = Debug|Any CPU
		{CBDC03EA-9011-44D7-AE4F-12864EFFE8BE}.Debug|Any CPU.Build.0 = Debug|Any CPU
		{CBDC03EA-9011-44D7-AE4F-12864EFFE8BE}.Release|Any CPU.ActiveCfg = Release|Any CPU
		{CBDC03EA-9011-44D7-AE4F-12864EFFE8BE}.Release|Any CPU.Build.0 = Release|Any CPU
		{56642D8F-757C-4EF9-93CE-9324F7FC45F7}.Debug|Any CPU.ActiveCfg = Debug|Any CPU
		{56642D8F-757C-4EF9-93CE-9324F7FC45F7}.Debug|Any CPU.Build.0 = Debug|Any CPU
		{56642D8F-757C-4EF9-93CE-9324F7FC45F7}.Release|Any CPU.ActiveCfg = Release|Any CPU
		{56642D8F-757C-4EF9-93CE-9324F7FC45F7}.Release|Any CPU.Build.0 = Release|Any CPU
		{9AF5A2CA-8513-44B9-8E14-89B68D2FB18E}.Debug|Any CPU.ActiveCfg = Debug|Any CPU
		{9AF5A2CA-8513-44B9-8E14-89B68D2FB18E}.Debug|Any CPU.Build.0 = Debug|Any CPU
		{9AF5A2CA-8513-44B9-8E14-89B68D2FB18E}.Release|Any CPU.ActiveCfg = Release|Any CPU
		{9AF5A2CA-8513-44B9-8E14-89B68D2FB18E}.Release|Any CPU.Build.0 = Release|Any CPU
		{9CA2C5E8-720B-4292-ABDC-2ED73A56347C}.Debug|Any CPU.ActiveCfg = Debug|Any CPU
		{9CA2C5E8-720B-4292-ABDC-2ED73A56347C}.Debug|Any CPU.Build.0 = Debug|Any CPU
		{9CA2C5E8-720B-4292-ABDC-2ED73A56347C}.Release|Any CPU.ActiveCfg = Release|Any CPU
		{9CA2C5E8-720B-4292-ABDC-2ED73A56347C}.Release|Any CPU.Build.0 = Release|Any CPU
		{D4201284-71D9-41A1-A470-068C2B3AA56E}.Debug|Any CPU.ActiveCfg = Debug|Any CPU
		{D4201284-71D9-41A1-A470-068C2B3AA56E}.Debug|Any CPU.Build.0 = Debug|Any CPU
		{D4201284-71D9-41A1-A470-068C2B3AA56E}.Release|Any CPU.ActiveCfg = Release|Any CPU
		{D4201284-71D9-41A1-A470-068C2B3AA56E}.Release|Any CPU.Build.0 = Release|Any CPU
		{A83D95EF-29CD-4612-8940-A5DD8C74FF8B}.Debug|Any CPU.ActiveCfg = Debug|Any CPU
		{A83D95EF-29CD-4612-8940-A5DD8C74FF8B}.Debug|Any CPU.Build.0 = Debug|Any CPU
		{A83D95EF-29CD-4612-8940-A5DD8C74FF8B}.Release|Any CPU.ActiveCfg = Release|Any CPU
		{A83D95EF-29CD-4612-8940-A5DD8C74FF8B}.Release|Any CPU.Build.0 = Release|Any CPU
		{9D62D1D6-07D0-450F-9033-F6C8C8D0BE32}.Debug|Any CPU.ActiveCfg = Debug|Any CPU
		{9D62D1D6-07D0-450F-9033-F6C8C8D0BE32}.Debug|Any CPU.Build.0 = Debug|Any CPU
		{9D62D1D6-07D0-450F-9033-F6C8C8D0BE32}.Release|Any CPU.ActiveCfg = Release|Any CPU
		{9D62D1D6-07D0-450F-9033-F6C8C8D0BE32}.Release|Any CPU.Build.0 = Release|Any CPU
		{4A548953-0815-4FEF-A898-DF5B0AA56DF2}.Debug|Any CPU.ActiveCfg = Debug|Any CPU
		{4A548953-0815-4FEF-A898-DF5B0AA56DF2}.Debug|Any CPU.Build.0 = Debug|Any CPU
		{4A548953-0815-4FEF-A898-DF5B0AA56DF2}.Release|Any CPU.ActiveCfg = Release|Any CPU
		{4A548953-0815-4FEF-A898-DF5B0AA56DF2}.Release|Any CPU.Build.0 = Release|Any CPU
		{73C4BE63-C7E3-4C48-BD4F-80DF8FD85135}.Debug|Any CPU.ActiveCfg = Debug|Any CPU
		{73C4BE63-C7E3-4C48-BD4F-80DF8FD85135}.Debug|Any CPU.Build.0 = Debug|Any CPU
		{73C4BE63-C7E3-4C48-BD4F-80DF8FD85135}.Release|Any CPU.ActiveCfg = Release|Any CPU
		{73C4BE63-C7E3-4C48-BD4F-80DF8FD85135}.Release|Any CPU.Build.0 = Release|Any CPU
		{AE1DF083-CF84-4EF3-B1A5-5969EF4E4744}.Debug|Any CPU.ActiveCfg = Debug|Any CPU
		{AE1DF083-CF84-4EF3-B1A5-5969EF4E4744}.Debug|Any CPU.Build.0 = Debug|Any CPU
		{AE1DF083-CF84-4EF3-B1A5-5969EF4E4744}.Release|Any CPU.ActiveCfg = Release|Any CPU
		{AE1DF083-CF84-4EF3-B1A5-5969EF4E4744}.Release|Any CPU.Build.0 = Release|Any CPU
		{054E016B-87F5-4CBE-850C-6A3382E0567A}.Debug|Any CPU.ActiveCfg = Debug|Any CPU
		{054E016B-87F5-4CBE-850C-6A3382E0567A}.Debug|Any CPU.Build.0 = Debug|Any CPU
		{054E016B-87F5-4CBE-850C-6A3382E0567A}.Release|Any CPU.ActiveCfg = Release|Any CPU
		{054E016B-87F5-4CBE-850C-6A3382E0567A}.Release|Any CPU.Build.0 = Release|Any CPU
		{D09EB423-4520-42DC-B3CF-4504FAC20D2A}.Debug|Any CPU.ActiveCfg = Debug|Any CPU
		{D09EB423-4520-42DC-B3CF-4504FAC20D2A}.Debug|Any CPU.Build.0 = Debug|Any CPU
		{D09EB423-4520-42DC-B3CF-4504FAC20D2A}.Release|Any CPU.ActiveCfg = Release|Any CPU
		{D09EB423-4520-42DC-B3CF-4504FAC20D2A}.Release|Any CPU.Build.0 = Release|Any CPU
	EndGlobalSection
	GlobalSection(SolutionProperties) = preSolution
		HideSolutionNode = FALSE
	EndGlobalSection
	GlobalSection(NestedProjects) = preSolution
		{D4201284-71D9-41A1-A470-068C2B3AA56E} = {5C2E1A8A-607A-47B9-9019-D7930563EDE0}
		{A83D95EF-29CD-4612-8940-A5DD8C74FF8B} = {5C2E1A8A-607A-47B9-9019-D7930563EDE0}
		{9D62D1D6-07D0-450F-9033-F6C8C8D0BE32} = {5C2E1A8A-607A-47B9-9019-D7930563EDE0}
		{4A548953-0815-4FEF-A898-DF5B0AA56DF2} = {5C2E1A8A-607A-47B9-9019-D7930563EDE0}
		{73C4BE63-C7E3-4C48-BD4F-80DF8FD85135} = {5C2E1A8A-607A-47B9-9019-D7930563EDE0}
		{AE1DF083-CF84-4EF3-B1A5-5969EF4E4744} = {5C2E1A8A-607A-47B9-9019-D7930563EDE0}
		{054E016B-87F5-4CBE-850C-6A3382E0567A} = {5C2E1A8A-607A-47B9-9019-D7930563EDE0}
		{D09EB423-4520-42DC-B3CF-4504FAC20D2A} = {5C2E1A8A-607A-47B9-9019-D7930563EDE0}
	EndGlobalSection
	GlobalSection(ExtensibilityGlobals) = postSolution
		SolutionGuid = {3913E469-251E-44CF-87DC-4E375F03813F}
	EndGlobalSection
EndGlobal
